dependencies:
  espressif/cjson:
    component_hash: e788323270d90738662d66fffa910bfe1fba019bba087f01557e70c40485b469
    dependencies:
    - name: idf
      require: private
      version: '>=5.0'
    source:
      registry_url: https://components.espressif.com
      type: service
    version: 1.7.19~2
  espressif/esp_delta_ota:
    component_hash: 147161b602ef51e9f6649eb6d90c4d4ac3c94228cb264fa0e68be7877180462d
    dependencies:
    - name: idf
      require: private
      version: '>=4.3'
    source:
      registry_url: https://components.espressif.com
      type: service
    version: 1.1.4
  espressif/esp_encrypted_img:
    component_hash: a3d20984246263bf8f3fabb0cf5ced72e1499dcc0073fc7334646c0882fd1b3c
    dependencies:
    - name: espressif/esp_secure_cert_mgr
      registry_url: https://components.espressif.com
      require: private
      rules:
      - if: idf_version >= 5.3
      version: '>=2.5.1'
    - name: idf
      require: private
      version: '>=5.0'
    source:
      registry_url: https://components.espressif.com
      type: service
    version: 2.7.0
  espressif/esp_matter:
    component_hash: f09f5dea282aa63b004ac372dd39087b6755fc26153921fab6e2bfb99d7ab681
    dependencies:
    - name: espressif/cjson
      registry_url: https://components.espressif.com
      require: private
      version: ^1.7.19
    - name: espressif/esp_delta_ota
      registry_url: https://components.espressif.com
      require: private
      rules:
      - if: idf_version >=4.3
      version: ^1.1.0
    - name: espressif/esp_encrypted_img
      registry_url: https://components.espressif.com
      require: private
      rules:
      - if: idf_version >=4.4
      version: 2.7.0
    - name: espressif/esp_hosted
      registry_url: https://components.espressif.com
      require: private
      rules:
      - if: target in [esp32p4]
      version: ~2.7.0
    - name: espressif/esp_secure_cert_mgr
      registry_url: https://components.espressif.com
      require: private
      rules:
      - if: idf_version >=4.3
      version: ^2.5.0
    - name: espressif/esp_wifi_remote
      registry_url: https://components.espressif.com
      require: private
      rules:
      - if: target in [esp32p4]
      version: ^0.7.0
    - name: espressif/mdns
      registry_url: https://components.espressif.com
      require: private
      rules:
      - if: idf_version >=5.0
      version: ^1.1.0
    source:
      registry_url: https://components.espressif.com/
      type: service
    version: 1.6.0
  espressif/esp_secure_cert_mgr:
    component_hash: 0b83e150f48d6839f0a0a8753850be55a51cc298cfca7658f21d355d5f41dd67
    dependencies:
    - name: idf
      require: private
      version: '>=4.3'
    source:
      registry_url: https://components.espressif.com
      type: service
    version: 2.9.3
  espressif/mdns:
    component_hash: b679eafd0acae2066e2645bd91d073e33ca5be515e2545cd3c4e55a3e3bce3cb
    dependencies:
    - name: idf
      require: private
      version: '>=5.0'
    source:
      registry_url: https://components.espressif.com
      type: service
    version: 1.13.1
  espressif/qrcode:
    component_hash: 31e70991ce22f28d73a4386417fc9c0993f61e1aab1832474fd9e3db8da9dcbd
    dependencies: []
    source:
      registry_url: https://components.espressif.com/
      type: service
    version: 0.2.0
  idf:
    source:
      type: idf
    version: 5.5.5
direct_dependencies:
- espressif/esp_matter
- espressif/qrcode
manifest_hash: 221a940df6c96906b6bd1bf9bbf1c3ad5bdc5a48eb5d370d0858c0f14acfb264
target: esp32c6
version: 2.0.0
